
Microsoft Visual Studio Solution File, Format Version 12.00
# Visual Studio Version 16
VisualStudioVersion = 16.0.29519.87
MinimumVisualStudioVersion = 10.0.40219.1
Project("{9A19103F-16F7-4668-BE54-9A1E7A4F7556}") = "CarRent.App", "Project\CarRent.App.csproj", "{5367054A-3046-47B3-B3A2-B1648E42F55D}"
EndProject
Project("{9A19103F-16F7-4668-BE54-9A1E7A4F7556}") = "CarRent.DataAccess", "CarRent.DataAccess\CarRent.DataAccess.csproj", "{D122BABF-C9A1-491D-B40D-E5FD64DA8B9D}"
EndProject
Project("{9A19103F-16F7-4668-BE54-9A1E7A4F7556}") = "CarRent.Forms", "CarRent.Forms\CarRent.Forms.csproj", "{04FC68CF-F8C8-467B-9EFC-A0FB27070B25}"
EndProject
Project("{9A19103F-16F7-4668-BE54-9A1E7A4F7556}") = "CarRent.Models", "CarRent.Models\CarRent.Models.csproj", "{C789B1F8-AC60-4CD9-B7BD-FC66E0DFACD5}"
EndProject
Project("{9A19103F-16F7-4668-BE54-9A1E7A4F7556}") = "CarRent.Repositories", "CarRent.Repositories\CarRent.Repositories.csproj", "{748A5B8E-5143-4FE6-9683-F6FAA9185B96}"
EndProject
Project("{9A19103F-16F7-4668-BE54-9A1E7A4F7556}") = "CarRent.Services", "CarRent.Services\CarRent.Services.csproj", "{A82A1B45-F052-4B8F-ADC9-4D3DC3E07EFD}"
EndProject
Global
	GlobalSection(SolutionConfigurationPlatforms) = preSolution
		Debug|Any CPU = Debug|Any CPU
		Release|Any CPU = Release|Any CPU
	EndGlobalSection
	GlobalSection(ProjectConfigurationPlatforms) = postSolution
		{5367054A-3046-47B3-B3A2-B1648E42F55D}.Debug|Any CPU.ActiveCfg = Debug|Any CPU
		{5367054A-3046-47B3-B3A2-B1648E42F55D}.Debug|Any CPU.Build.0 = Debug|Any CPU
		{5367054A-3046-47B3-B3A2-B1648E42F55D}.Release|Any CPU.ActiveCfg = Release|Any CPU
		{5367054A-3046-47B3-B3A2-B1648E42F55D}.Release|Any CPU.Build.0 = Release|Any CPU
		{D122BABF-C9A1-491D-B40D-E5FD64DA8B9D}.Debug|Any CPU.ActiveCfg = Debug|Any CPU
		{D122BABF-C9A1-491D-B40D-E5FD64DA8B9D}.Debug|Any CPU.Build.0 = Debug|Any CPU
		{D122BABF-C9A1-491D-B40D-E5FD64DA8B9D}.Release|Any CPU.ActiveCfg = Release|Any CPU
		{D122BABF-C9A1-491D-B40D-E5FD64DA8B9D}.Release|Any CPU.Build.0 = Release|Any CPU
		{04FC68CF-F8C8-467B-9EFC-A0FB27070B25}.Debug|Any CPU.ActiveCfg = Debug|Any CPU
		{04FC68CF-F8C8-467B-9EFC-A0FB27070B25}.Debug|Any CPU.Build.0 = Debug|Any CPU
		{04FC68CF-F8C8-467B-9EFC-A0FB27070B25}.Release|Any CPU.ActiveCfg = Release|Any CPU
		{04FC68CF-F8C8-467B-9EFC-A0FB27070B25}.Release|Any CPU.Build.0 = Release|Any CPU
		{C789B1F8-AC60-4CD9-B7BD-FC66E0DFACD5}.Debug|Any CPU.ActiveCfg = Debug|Any CPU
		{C789B1F8-AC60-4CD9-B7BD-FC66E0DFACD5}.Debug|Any CPU.Build.0 = Debug|Any CPU
		{C789B1F8-AC60-4CD9-B7BD-FC66E0DFACD5}.Release|Any CPU.ActiveCfg = Release|Any CPU
		{C789B1F8-AC60-4CD9-B7BD-FC66E0DFACD5}.Release|Any CPU.Build.0 = Release|Any CPU
		{748A5B8E-5143-4FE6-9683-F6FAA9185B96}.Debug|Any CPU.ActiveCfg = Debug|Any CPU
		{748A5B8E-5143-4FE6-9683-F6FAA9185B96}.Debug|Any CPU.Build.0 = Debug|Any CPU
		{748A5B8E-5143-4FE6-9683-F6FAA9185B96}.Release|Any CPU.ActiveCfg = Release|Any CPU
		{748A5B8E-5143-4FE6-9683-F6FAA9185B96}.Release|Any CPU.Build.0 = Release|Any CPU
		{A82A1B45-F052-4B8F-ADC9-4D3DC3E07EFD}.Debug|Any CPU.ActiveCfg = Debug|Any CPU
		{A82A1B45-F052-4B8F-ADC9-4D3DC3E07EFD}.Debug|Any CPU.Build.0 = Debug|Any CPU
		{A82A1B45-F052-4B8F-ADC9-4D3DC3E07EFD}.Release|Any CPU.ActiveCfg = Release|Any CPU
		{A82A1B45-F052-4B8F-ADC9-4D3DC3E07EFD}.Release|Any CPU.Build.0 = Release|Any CPU
	EndGlobalSection
	GlobalSection(SolutionProperties) = preSolution
		HideSolutionNode = FALSE
	EndGlobalSection
	GlobalSection(ExtensibilityGlobals) = postSolution
		SolutionGuid = {86CFE643-5950-46A0-9C69-5B1A20EF3A6A}
	EndGlobalSection
EndGlobal
